// !$*UTF8*$!
{
	archiveVersion = 1;
	classes = {
	};
	objectVersion = 56;
	objects = {

/* Begin PBXBuildFile section */
		667F1F3A2A351DA2003F2FAC /* AppDelegate.swift in Sources */ = {isa = PBXBuildFile; fileRef = 667F1F392A351DA2003F2FAC /* AppDelegate.swift */; };
		667F1F3C2A351DA2003F2FAC /* SceneDelegate.swift in Sources */ = {isa = PBXBuildFile; fileRef = 667F1F3B2A351DA2003F2FAC /* SceneDelegate.swift */; };
		667F1F3E2A351DA2003F2FAC /* ViewController.swift in Sources */ = {isa = PBXBuildFile; fileRef = 667F1F3D2A351DA2003F2FAC /* ViewController.swift */; };
		667F1F412A351DA2003F2FAC /* Main.storyboard in Resources */ = {isa = PBXBuildFile; fileRef = 667F1F3F2A351DA2003F2FAC /* Main.storyboard */; };
		667F1F432A351DAC003F2FAC /* Assets.xcassets in Resources */ = {isa = PBXBuildFile; fileRef = 667F1F422A351DAC003F2FAC /* Assets.xcassets */; };
		667F1F462A351DAC003F2FAC /* LaunchScreen.storyboard in Resources */ = {isa = PBXBuildFile; fileRef = 667F1F442A351DAC003F2FAC /* LaunchScreen.storyboard */; };
		667F1F4E2A3532E9003F2FAC /* MecedesProtocol.swift in Sources */ = {isa = PBXBuildFile; fileRef = 667F1F4D2A3532E9003F2FAC /* MecedesProtocol.swift */; };
		667F1F502A35333A003F2FAC /* MercedesCLS.swift in Sources */ = {isa = PBXBuildFile; fileRef = 667F1F4F2A35333A003F2FAC /* MercedesCLS.swift */; };
		667F1F542A3533D2003F2FAC /* MercedesDecorator.swift in Sources */ = {isa = PBXBuildFile; fileRef = 667F1F532A3533D2003F2FAC /* MercedesDecorator.swift */; };
		667F1F562A3534DC003F2FAC /* PanframeRoof.swift in Sources */ = {isa = PBXBuildFile; fileRef = 667F1F552A3534DC003F2FAC /* PanframeRoof.swift */; };
		667F1F582A353E6C003F2FAC /* AlloyWheels.swift in Sources */ = {isa = PBXBuildFile; fileRef = 667F1F572A353E6C003F2FAC /* AlloyWheels.swift */; };
/* End PBXBuildFile section */

/* Begin PBXFileReference section */
		667F1F362A351DA2003F2FAC /* Decorator.app */ = {isa = PBXFileReference; explicitFileType = wrapper.application; includeInIndex = 0; path = Decorator.app; sourceTree = BUILT_PRODUCTS_DIR; };
		667F1F392A351DA2003F2FAC /* AppDelegate.swift */ = {isa = PBXFileReference; lastKnownFileType = sourcecode.swift; path = AppDelegate.swift; sourceTree = "<group>"; };
		667F1F3B2A351DA2003F2FAC /* SceneDelegate.swift */ = {isa = PBXFileReference; lastKnownFileType = sourcecode.swift; path = SceneDelegate.swift; sourceTree = "<group>"; };
		667F1F3D2A351DA2003F2FAC /* ViewController.swift */ = {isa = PBXFileReference; lastKnownFileType = sourcecode.swift; path = ViewController.swift; sourceTree = "<group>"; };
		667F1F402A351DA2003F2FAC /* Base */ = {isa = PBXFileReference; lastKnownFileType = file.storyboard; name = Base; path = Base.lproj/Main.storyboard; sourceTree = "<group>"; };
		667F1F422A351DAC003F2FAC /* Assets.xcassets */ = {isa = PBXFileReference; lastKnownFileType = folder.assetcatalog; path = Assets.xcassets; sourceTree = "<group>"; };
		667F1F452A351DAC003F2FAC /* Base */ = {isa = PBXFileReference; lastKnownFileType = file.storyboard; name = Base; path = Base.lproj/LaunchScreen.storyboard; sourceTree = "<group>"; };
		667F1F472A351DAC003F2FAC /* Info.plist */ = {isa = PBXFileReference; lastKnownFileType = text.plist.xml; path = Info.plist; sourceTree = "<group>"; };
		667F1F4D2A3532E9003F2FAC /* MecedesProtocol.swift */ = {isa = PBXFileReference; lastKnownFileType = sourcecode.swift; path = MecedesProtocol.swift; sourceTree = "<group>"; };
		667F1F4F2A35333A003F2FAC /* MercedesCLS.swift */ = {isa = PBXFileReference; lastKnownFileType = sourcecode.swift; path = MercedesCLS.swift; sourceTree = "<group>"; };
		667F1F532A3533D2003F2FAC /* MercedesDecorator.swift */ = {isa = PBXFileReference; lastKnownFileType = sourcecode.swift; path = MercedesDecorator.swift; sourceTree = "<group>"; };
		667F1F552A3534DC003F2FAC /* PanframeRoof.swift */ = {isa = PBXFileReference; lastKnownFileType = sourcecode.swift; path = PanframeRoof.swift; sourceTree = "<group>"; };
		667F1F572A353E6C003F2FAC /* AlloyWheels.swift */ = {isa = PBXFileReference; lastKnownFileType = sourcecode.swift; path = AlloyWheels.swift; sourceTree = "<group>"; };
/* End PBXFileReference section */

/* Begin PBXFrameworksBuildPhase section */
		667F1F332A351DA2003F2FAC /* Frameworks */ = {
			isa = PBXFrameworksBuildPhase;
			buildActionMask = 2147483647;
			files = (
			);
			runOnlyForDeploymentPostprocessing = 0;
		};
/* End PBXFrameworksBuildPhase section */

/* Begin PBXGroup section */
		667F1F2D2A351DA1003F2FAC = {
			isa = PBXGroup;
			children = (
				667F1F382A351DA2003F2FAC /* Decorator */,
				667F1F372A351DA2003F2FAC /* Products */,
			);
			sourceTree = "<group>";
		};
		667F1F372A351DA2003F2FAC /* Products */ = {
			isa = PBXGroup;
			children = (
				667F1F362A351DA2003F2FAC /* Decorator.app */,
			);
			name = Products;
			sourceTree = "<group>";
		};
		667F1F382A351DA2003F2FAC /* Decorator */ = {
			isa = PBXGroup;
			children = (
				667F1F392A351DA2003F2FAC /* AppDelegate.swift */,
				667F1F3B2A351DA2003F2FAC /* SceneDelegate.swift */,
				667F1F3D2A351DA2003F2FAC /* ViewController.swift */,
				667F1F522A3533B9003F2FAC /* Decorator */,
				667F1F512A3533B2003F2FAC /* Car */,
				667F1F3F2A351DA2003F2FAC /* Main.storyboard */,
				667F1F422A351DAC003F2FAC /* Assets.xcassets */,
				667F1F442A351DAC003F2FAC /* LaunchScreen.storyboard */,
				667F1F472A351DAC003F2FAC /* Info.plist */,
			);
			path = Decorator;
			sourceTree = "<group>";
		};
		667F1F512A3533B2003F2FAC /* Car */ = {
			isa = PBXGroup;
			children = (
				667F1F4D2A3532E9003F2FAC /* MecedesProtocol.swift */,
				667F1F4F2A35333A003F2FAC /* MercedesCLS.swift */,
			);
			path = Car;
			sourceTree = "<group>";
		};
		667F1F522A3533B9003F2FAC /* Decorator */ = {
			isa = PBXGroup;
			children = (
				667F1F532A3533D2003F2FAC /* MercedesDecorator.swift */,
				667F1F552A3534DC003F2FAC /* PanframeRoof.swift */,
				667F1F572A353E6C003F2FAC /* AlloyWheels.swift */,
			);
			name = Decorator;
			sourceTree = "<group>";
		};
/* End PBXGroup section */

/* Begin PBXNativeTarget section */
		667F1F352A351DA2003F2FAC /* Decorator */ = {
			isa = PBXNativeTarget;
			buildConfigurationList = 667F1F4A2A351DAC003F2FAC /* Build configuration list for PBXNativeTarget "Decorator" */;
			buildPhases = (
				667F1F322A351DA2003F2FAC /* Sources */,
				667F1F332A351DA2003F2FAC /* Frameworks */,
				667F1F342A351DA2003F2FAC /* Resources */,
			);
			buildRules = (
			);
			dependencies = (
			);
			name = Decorator;
			productName = Decorator;
			productReference = 667F1F362A351DA2003F2FAC /* Decorator.app */;
			productType = "com.apple.product-type.application";
		};
/* End PBXNativeTarget section */

/* Begin PBXProject section */
		667F1F2E2A351DA1003F2FAC /* Project object */ = {
			isa = PBXProject;
			attributes = {
				BuildIndependentTargetsInParallel = 1;
				LastSwiftUpdateCheck = 1420;
				LastUpgradeCheck = 1420;
				TargetAttributes = {
					667F1F352A351DA2003F2FAC = {
						CreatedOnToolsVersion = 14.2;
					};
				};
			};
			buildConfigurationList = 667F1F312A351DA1003F2FAC /* Build configuration list for PBXProject "Decorator" */;
			compatibilityVersion = "Xcode 14.0";
			developmentRegion = en;
			hasScannedForEncodings = 0;
			knownRegions = (
				en,
				Base,
			);
			mainGroup = 667F1F2D2A351DA1003F2FAC;
			productRefGroup = 667F1F372A351DA2003F2FAC /* Products */;
			projectDirPath = "";
			projectRoot = "";
			targets = (
				667F1F352A351DA2003F2FAC /* Decorator */,
			);
		};
/* End PBXProject section */

/* Begin PBXResourcesBuildPhase section */
		667F1F342A351DA2003F2FAC /* Resources */ = {
			isa = PBXResourcesBuildPhase;
			buildActionMask = 2147483647;
			files = (
				667F1F462A351DAC003F2FAC /* LaunchScreen.storyboard in Resources */,
				667F1F432A351DAC003F2FAC /* Assets.xcassets in Resources */,
				667F1F412A351DA2003F2FAC /* Main.storyboard in Resources */,
			);
			runOnlyForDeploymentPostprocessing = 0;
		};
/* End PBXResourcesBuildPhase section */

/* Begin PBXSourcesBuildPhase section */
		667F1F322A351DA2003F2FAC /* Sources */ = {
			isa = PBXSourcesBuildPhase;
			buildActionMask = 2147483647;
			files = (
				667F1F4E2A3532E9003F2FAC /* MecedesProtocol.swift in Sources */,
				667F1F3E2A351DA2003F2FAC /* ViewController.swift in Sources */,
				667F1F562A3534DC003F2FAC /* PanframeRoof.swift in Sources */,
				667F1F3A2A351DA2003F2FAC /* AppDelegate.swift in Sources */,
				667F1F542A3533D2003F2FAC /* MercedesDecorator.swift in Sources */,
				667F1F582A353E6C003F2FAC /* AlloyWheels.swift in Sources */,
				667F1F502A35333A003F2FAC /* MercedesCLS.swift in Sources */,
				667F1F3C2A351DA2003F2FAC /* SceneDelegate.swift in Sources */,
			);
			runOnlyForDeploymentPostprocessing = 0;
		};
/* End PBXSourcesBuildPhase section */

/* Begin PBXVariantGroup section */
		667F1F3F2A351DA2003F2FAC /* Main.storyboard */ = {
			isa = PBXVariantGroup;
			children = (
				667F1F402A351DA2003F2FAC /* Base */,
			);
			name = Main.storyboard;
			sourceTree = "<group>";
		};
		667F1F442A351DAC003F2FAC /* LaunchScreen.storyboard */ = {
			isa = PBXVariantGroup;
			children = (
				667F1F452A351DAC003F2FAC /* Base */,
			);
			name = LaunchScreen.storyboard;
			sourceTree = "<group>";
		};
/* End PBXVariantGroup section */

/* Begin XCBuildConfiguration section */
		667F1F482A351DAC003F2FAC /* Debug */ = {
			isa = XCBuildConfiguration;
			buildSettings = {
				ALWAYS_SEARCH_USER_PATHS = NO;
				CLANG_ANALYZER_NONNULL = YES;
				CLANG_ANALYZER_NUMBER_OBJECT_CONVERSION = YES_AGGRESSIVE;
				CLANG_CXX_LANGUAGE_STANDARD = "gnu++20";
				CLANG_ENABLE_MODULES = YES;
				CLANG_ENABLE_OBJC_ARC = YES;
				CLANG_ENABLE_OBJC_WEAK = YES;
				CLANG_WARN_BLOCK_CAPTURE_AUTORELEASING = YES;
				CLANG_WARN_BOOL_CONVERSION = YES;
				CLANG_WARN_COMMA = YES;
				CLANG_WARN_CONSTANT_CONVERSION = YES;
				CLANG_WARN_DEPRECATED_OBJC_IMPLEMENTATIONS = YES;
				CLANG_WARN_DIRECT_OBJC_ISA_USAGE = YES_ERROR;
				CLANG_WARN_DOCUMENTATION_COMMENTS = YES;
				CLANG_WARN_EMPTY_BODY = YES;
				CLANG_WARN_ENUM_CONVERSION = YES;
				CLANG_WARN_INFINITE_RECURSION = YES;
				CLANG_WARN_INT_CONVERSION = YES;
				CLANG_WARN_NON_LITERAL_NULL_CONVERSION = YES;
				CLANG_WARN_OBJC_IMPLICIT_RETAIN_SELF = YES;
				CLANG_WARN_OBJC_LITERAL_CONVERSION = YES;
				CLANG_WARN_OBJC_ROOT_CLASS = YES_ERROR;
				CLANG_WARN_QUOTED_INCLUDE_IN_FRAMEWORK_HEADER = YES;
				CLANG_WARN_RANGE_LOOP_ANALYSIS = YES;
				CLANG_WARN_STRICT_PROTOTYPES = YES;
				CLANG_WARN_SUSPICIOUS_MOVE = YES;
				CLANG_WARN_UNGUARDED_AVAILABILITY = YES_AGGRESSIVE;
				CLANG_WARN_UNREACHABLE_CODE = YES;
				CLANG_WARN__DUPLICATE_METHOD_MATCH = YES;
				COPY_PHASE_STRIP = NO;
				DEBUG_INFORMATION_FORMAT = dwarf;
				ENABLE_STRICT_OBJC_MSGSEND = YES;
				ENABLE_TESTABILITY = YES;
				GCC_C_LANGUAGE_STANDARD = gnu11;
				GCC_DYNAMIC_NO_PIC = NO;
				GCC_NO_COMMON_BLOCKS = YES;
				GCC_OPTIMIZATION_LEVEL = 0;
				GCC_PREPROCESSOR_DEFINITIONS = (
					"DEBUG=1",
					"$(inherited)",
				);
				GCC_WARN_64_TO_32_BIT_CONVERSION = YES;
				GCC_WARN_ABOUT_RETURN_TYPE = YES_ERROR;
				GCC_WARN_UNDECLARED_SELECTOR = YES;
				GCC_WARN_UNINITIALIZED_AUTOS = YES_AGGRESSIVE;
				GCC_WARN_UNUSED_FUNCTION = YES;
				GCC_WARN_UNUSED_VARIABLE = YES;
				IPHONEOS_DEPLOYMENT_TARGET = 16.2;
				MTL_ENABLE_DEBUG_INFO = INCLUDE_SOURCE;
				MTL_FAST_MATH = YES;
				ONLY_ACTIVE_ARCH = YES;
				SDKROOT = iphoneos;
				SWIFT_ACTIVE_COMPILATION_CONDITIONS = DEBUG;
				SWIFT_OPTIMIZATION_LEVEL = "-Onone";
			};
			name = Debug;
		};
		667F1F492A351DAC003F2FAC /* Release */ = {
			isa = XCBuildConfiguration;
			buildSettings = {
				ALWAYS_SEARCH_USER_PATHS = NO;
				CLANG_ANALYZER_NONNULL = YES;
				CLANG_ANALYZER_NUMBER_OBJECT_CONVERSION = YES_AGGRESSIVE;
				CLANG_CXX_LANGUAGE_STANDARD = "gnu++20";
				CLANG_ENABLE_MODULES = YES;
				CLANG_ENABLE_OBJC_ARC = YES;
				CLANG_ENABLE_OBJC_WEAK = YES;
				CLANG_WARN_BLOCK_CAPTURE_AUTORELEASING = YES;
				CLANG_WARN_BOOL_CONVERSION = YES;
				CLANG_WARN_COMMA = YES;
				CLANG_WARN_CONSTANT_CONVERSION = YES;
				CLANG_WARN_DEPRECATED_OBJC_IMPLEMENTATIONS = YES;
				CLANG_WARN_DIRECT_OBJC_ISA_USAGE = YES_ERROR;
				CLANG_WARN_DOCUMENTATION_COMMENTS = YES;
				CLANG_WARN_EMPTY_BODY = YES;
				CLANG_WARN_ENUM_CONVERSION = YES;
				CLANG_WARN_INFINITE_RECURSION = YES;
				CLANG_WARN_INT_CONVERSION = YES;
				CLANG_WARN_NON_LITERAL_NULL_CONVERSION = YES;
				CLANG_WARN_OBJC_IMPLICIT_RETAIN_SELF = YES;
				CLANG_WARN_OBJC_LITERAL_CONVERSION = YES;
				CLANG_WARN_OBJC_ROOT_CLASS = YES_ERROR;
				CLANG_WARN_QUOTED_INCLUDE_IN_FRAMEWORK_HEADER = YES;
				CLANG_WARN_RANGE_LOOP_ANALYSIS = YES;
				CLANG_WARN_STRICT_PROTOTYPES = YES;
				CLANG_WARN_SUSPICIOUS_MOVE = YES;
				CLANG_WARN_UNGUARDED_AVAILABILITY = YES_AGGRESSIVE;
				CLANG_WARN_UNREACHABLE_CODE = YES;
				CLANG_WARN__DUPLICATE_METHOD_MATCH = YES;
				COPY_PHASE_STRIP = NO;
				DEBUG_INFORMATION_FORMAT = "dwarf-with-dsym";
				ENABLE_NS_ASSERTIONS = NO;
				ENABLE_STRICT_OBJC_MSGSEND = YES;
				GCC_C_LANGUAGE_STANDARD = gnu11;
				GCC_NO_COMMON_BLOCKS = YES;
				GCC_WARN_64_TO_32_BIT_CONVERSION = YES;
				GCC_WARN_ABOUT_RETURN_TYPE = YES_ERROR;
				GCC_WARN_UNDECLARED_SELECTOR = YES;
				GCC_WARN_UNINITIALIZED_AUTOS = YES_AGGRESSIVE;
				GCC_WARN_UNUSED_FUNCTION = YES;
				GCC_WARN_UNUSED_VARIABLE = YES;
				IPHONEOS_DEPLOYMENT_TARGET = 16.2;
				MTL_ENABLE_DEBUG_INFO = NO;
				MTL_FAST_MATH = YES;
				SDKROOT = iphoneos;
				SWIFT_COMPILATION_MODE = wholemodule;
				SWIFT_OPTIMIZATION_LEVEL = "-O";
				VALIDATE_PRODUCT = YES;
			};
			name = Release;
		};
		667F1F4B2A351DAC003F2FAC /* Debug */ = {
			isa = XCBuildConfiguration;
			buildSettings = {
				ASSETCATALOG_COMPILER_APPICON_NAME = AppIcon;
				ASSETCATALOG_COMPILER_GLOBAL_ACCENT_COLOR_NAME = AccentColor;
				CODE_SIGN_STYLE = Automatic;
				CURRENT_PROJECT_VERSION = 1;
				DEVELOPMENT_TEAM = C7F8937UXY;
				GENERATE_INFOPLIST_FILE = YES;
				INFOPLIST_FILE = Decorator/Info.plist;
				INFOPLIST_KEY_UIApplicationSupportsIndirectInputEvents = YES;
				INFOPLIST_KEY_UILaunchStoryboardName = LaunchScreen;
				INFOPLIST_KEY_UIMainStoryboardFile = Main;
				INFOPLIST_KEY_UISupportedInterfaceOrientations_iPad = "UIInterfaceOrientationPortrait UIInterfaceOrientationPortraitUpsideDown UIInterfaceOrientationLandscapeLeft UIInterfaceOrientationLandscapeRight";
				INFOPLIST_KEY_UISupportedInterfaceOrientations_iPhone = "UIInterfaceOrientationPortrait UIInterfaceOrientationLandscapeLeft UIInterfaceOrientationLandscapeRight";
				LD_RUNPATH_SEARCH_PATHS = (
					"$(inherited)",
					"@executable_path/Frameworks",
				);
				MARKETING_VERSION = 1.0;
				PRODUCT_BUNDLE_IDENTIFIER = DmytroNeboha.Decorator;
				PRODUCT_NAME = "$(TARGET_NAME)";
				SWIFT_EMIT_LOC_STRINGS = YES;
				SWIFT_VERSION = 5.0;
				TARGETED_DEVICE_FAMILY = "1,2";
			};
			name = Debug;
		};
		667F1F4C2A351DAC003F2FAC /* Release */ = {
			isa = XCBuildConfiguration;
			buildSettings = {
				ASSETCATALOG_COMPILER_APPICON_NAME = AppIcon;
				ASSETCATALOG_COMPILER_GLOBAL_ACCENT_COLOR_NAME = AccentColor;
				CODE_SIGN_STYLE = Automatic;
				CURRENT_PROJECT_VERSION = 1;
				DEVELOPMENT_TEAM = C7F8937UXY;
				GENERATE_INFOPLIST_FILE = YES;
				INFOPLIST_FILE = Decorator/Info.plist;
				INFOPLIST_KEY_UIApplicationSupportsIndirectInputEvents = YES;
				INFOPLIST_KEY_UILaunchStoryboardName = LaunchScreen;
				INFOPLIST_KEY_UIMainStoryboardFile = Main;
				INFOPLIST_KEY_UISupportedInterfaceOrientations_iPad = "UIInterfaceOrientationPortrait UIInterfaceOrientationPortraitUpsideDown UIInterfaceOrientationLandscapeLeft UIInterfaceOrientationLandscapeRight";
				INFOPLIST_KEY_UISupportedInterfaceOrientations_iPhone = "UIInterfaceOrientationPortrait UIInterfaceOrientationLandscapeLeft UIInterfaceOrientationLandscapeRight";
				LD_RUNPATH_SEARCH_PATHS = (
					"$(inherited)",
					"@executable_path/Frameworks",
				);
				MARKETING_VERSION = 1.0;
				PRODUCT_BUNDLE_IDENTIFIER = DmytroNeboha.Decorator;
				PRODUCT_NAME = "$(TARGET_NAME)";
				SWIFT_EMIT_LOC_STRINGS = YES;
				SWIFT_VERSION = 5.0;
				TARGETED_DEVICE_FAMILY = "1,2";
			};
			name = Release;
		};
/* End XCBuildConfiguration section */

/* Begin XCConfigurationList section */
		667F1F312A351DA1003F2FAC /* Build configuration list for PBXProject "Decorator" */ = {
			isa = XCConfigurationList;
			buildConfigurations = (
				667F1F482A351DAC003F2FAC /* Debug */,
				667F1F492A351DAC003F2FAC /* Release */,
			);
			defaultConfigurationIsVisible = 0;
			defaultConfigurationName = Release;
		};
		667F1F4A2A351DAC003F2FAC /* Build configuration list for PBXNativeTarget "Decorator" */ = {
			isa = XCConfigurationList;
			buildConfigurations = (
				667F1F4B2A351DAC003F2FAC /* Debug */,
				667F1F4C2A351DAC003F2FAC /* Release */,
			);
			defaultConfigurationIsVisible = 0;
			defaultConfigurationName = Release;
		};
/* End XCConfigurationList section */
	};
	rootObject = 667F1F2E2A351DA1003F2FAC /* Project object */;
}
