// !$*UTF8*$!
{
	archiveVersion = 1;
	classes = {
	};
	objectVersion = 56;
	objects = {

/* Begin PBXBuildFile section */
		667F1F662A354BD3003F2FAC /* AppDelegate.swift in Sources */ = {isa = PBXBuildFile; fileRef = 667F1F652A354BD3003F2FAC /* AppDelegate.swift */; };
		667F1F682A354BD3003F2FAC /* SceneDelegate.swift in Sources */ = {isa = PBXBuildFile; fileRef = 667F1F672A354BD3003F2FAC /* SceneDelegate.swift */; };
		667F1F6A2A354BD3003F2FAC /* ViewController.swift in Sources */ = {isa = PBXBuildFile; fileRef = 667F1F692A354BD3003F2FAC /* ViewController.swift */; };
		667F1F6D2A354BD3003F2FAC /* Main.storyboard in Resources */ = {isa = PBXBuildFile; fileRef = 667F1F6B2A354BD3003F2FAC /* Main.storyboard */; };
		667F1F6F2A354BDB003F2FAC /* Assets.xcassets in Resources */ = {isa = PBXBuildFile; fileRef = 667F1F6E2A354BDB003F2FAC /* Assets.xcassets */; };
		667F1F722A354BDB003F2FAC /* LaunchScreen.storyboard in Resources */ = {isa = PBXBuildFile; fileRef = 667F1F702A354BDB003F2FAC /* LaunchScreen.storyboard */; };
		667F1F7A2A354DA3003F2FAC /* DetailViewController.swift in Sources */ = {isa = PBXBuildFile; fileRef = 667F1F792A354DA3003F2FAC /* DetailViewController.swift */; };
		667F1F7C2A354E5F003F2FAC /* LoadServiceProtocol.swift in Sources */ = {isa = PBXBuildFile; fileRef = 667F1F7B2A354E5F003F2FAC /* LoadServiceProtocol.swift */; };
		667F1F7E2A354EB3003F2FAC /* LoadImageService.swift in Sources */ = {isa = PBXBuildFile; fileRef = 667F1F7D2A354EB3003F2FAC /* LoadImageService.swift */; };
		667F1F812A355012003F2FAC /* Proxy.swift in Sources */ = {isa = PBXBuildFile; fileRef = 667F1F802A355012003F2FAC /* Proxy.swift */; };
/* End PBXBuildFile section */

/* Begin PBXFileReference section */
		667F1F622A354BD3003F2FAC /* Proxy.app */ = {isa = PBXFileReference; explicitFileType = wrapper.application; includeInIndex = 0; path = Proxy.app; sourceTree = BUILT_PRODUCTS_DIR; };
		667F1F652A354BD3003F2FAC /* AppDelegate.swift */ = {isa = PBXFileReference; lastKnownFileType = sourcecode.swift; path = AppDelegate.swift; sourceTree = "<group>"; };
		667F1F672A354BD3003F2FAC /* SceneDelegate.swift */ = {isa = PBXFileReference; lastKnownFileType = sourcecode.swift; path = SceneDelegate.swift; sourceTree = "<group>"; };
		667F1F692A354BD3003F2FAC /* ViewController.swift */ = {isa = PBXFileReference; lastKnownFileType = sourcecode.swift; path = ViewController.swift; sourceTree = "<group>"; };
		667F1F6C2A354BD3003F2FAC /* Base */ = {isa = PBXFileReference; lastKnownFileType = file.storyboard; name = Base; path = Base.lproj/Main.storyboard; sourceTree = "<group>"; };
		667F1F6E2A354BDB003F2FAC /* Assets.xcassets */ = {isa = PBXFileReference; lastKnownFileType = folder.assetcatalog; path = Assets.xcassets; sourceTree = "<group>"; };
		667F1F712A354BDB003F2FAC /* Base */ = {isa = PBXFileReference; lastKnownFileType = file.storyboard; name = Base; path = Base.lproj/LaunchScreen.storyboard; sourceTree = "<group>"; };
		667F1F732A354BDB003F2FAC /* Info.plist */ = {isa = PBXFileReference; lastKnownFileType = text.plist.xml; path = Info.plist; sourceTree = "<group>"; };
		667F1F792A354DA3003F2FAC /* DetailViewController.swift */ = {isa = PBXFileReference; lastKnownFileType = sourcecode.swift; path = DetailViewController.swift; sourceTree = "<group>"; };
		667F1F7B2A354E5F003F2FAC /* LoadServiceProtocol.swift */ = {isa = PBXFileReference; lastKnownFileType = sourcecode.swift; path = LoadServiceProtocol.swift; sourceTree = "<group>"; };
		667F1F7D2A354EB3003F2FAC /* LoadImageService.swift */ = {isa = PBXFileReference; lastKnownFileType = sourcecode.swift; path = LoadImageService.swift; sourceTree = "<group>"; };
		667F1F802A355012003F2FAC /* Proxy.swift */ = {isa = PBXFileReference; lastKnownFileType = sourcecode.swift; path = Proxy.swift; sourceTree = "<group>"; };
/* End PBXFileReference section */

/* Begin PBXFrameworksBuildPhase section */
		667F1F5F2A354BD3003F2FAC /* Frameworks */ = {
			isa = PBXFrameworksBuildPhase;
			buildActionMask = 2147483647;
			files = (
			);
			runOnlyForDeploymentPostprocessing = 0;
		};
/* End PBXFrameworksBuildPhase section */

/* Begin PBXGroup section */
		667F1F592A354BD3003F2FAC = {
			isa = PBXGroup;
			children = (
				667F1F642A354BD3003F2FAC /* Proxy */,
				667F1F632A354BD3003F2FAC /* Products */,
			);
			sourceTree = "<group>";
		};
		667F1F632A354BD3003F2FAC /* Products */ = {
			isa = PBXGroup;
			children = (
				667F1F622A354BD3003F2FAC /* Proxy.app */,
			);
			name = Products;
			sourceTree = "<group>";
		};
		667F1F642A354BD3003F2FAC /* Proxy */ = {
			isa = PBXGroup;
			children = (
				667F1F802A355012003F2FAC /* Proxy.swift */,
				667F1F7F2A354FF5003F2FAC /* ServiceImage */,
				667F1F652A354BD3003F2FAC /* AppDelegate.swift */,
				667F1F672A354BD3003F2FAC /* SceneDelegate.swift */,
				667F1F692A354BD3003F2FAC /* ViewController.swift */,
				667F1F792A354DA3003F2FAC /* DetailViewController.swift */,
				667F1F6B2A354BD3003F2FAC /* Main.storyboard */,
				667F1F6E2A354BDB003F2FAC /* Assets.xcassets */,
				667F1F702A354BDB003F2FAC /* LaunchScreen.storyboard */,
				667F1F732A354BDB003F2FAC /* Info.plist */,
			);
			path = Proxy;
			sourceTree = "<group>";
		};
		667F1F7F2A354FF5003F2FAC /* ServiceImage */ = {
			isa = PBXGroup;
			children = (
				667F1F7B2A354E5F003F2FAC /* LoadServiceProtocol.swift */,
				667F1F7D2A354EB3003F2FAC /* LoadImageService.swift */,
			);
			path = ServiceImage;
			sourceTree = "<group>";
		};
/* End PBXGroup section */

/* Begin PBXNativeTarget section */
		667F1F612A354BD3003F2FAC /* Proxy */ = {
			isa = PBXNativeTarget;
			buildConfigurationList = 667F1F762A354BDB003F2FAC /* Build configuration list for PBXNativeTarget "Proxy" */;
			buildPhases = (
				667F1F5E2A354BD3003F2FAC /* Sources */,
				667F1F5F2A354BD3003F2FAC /* Frameworks */,
				667F1F602A354BD3003F2FAC /* Resources */,
			);
			buildRules = (
			);
			dependencies = (
			);
			name = Proxy;
			productName = Proxy;
			productReference = 667F1F622A354BD3003F2FAC /* Proxy.app */;
			productType = "com.apple.product-type.application";
		};
/* End PBXNativeTarget section */

/* Begin PBXProject section */
		667F1F5A2A354BD3003F2FAC /* Project object */ = {
			isa = PBXProject;
			attributes = {
				BuildIndependentTargetsInParallel = 1;
				LastSwiftUpdateCheck = 1420;
				LastUpgradeCheck = 1420;
				TargetAttributes = {
					667F1F612A354BD3003F2FAC = {
						CreatedOnToolsVersion = 14.2;
					};
				};
			};
			buildConfigurationList = 667F1F5D2A354BD3003F2FAC /* Build configuration list for PBXProject "Proxy" */;
			compatibilityVersion = "Xcode 14.0";
			developmentRegion = en;
			hasScannedForEncodings = 0;
			knownRegions = (
				en,
				Base,
			);
			mainGroup = 667F1F592A354BD3003F2FAC;
			productRefGroup = 667F1F632A354BD3003F2FAC /* Products */;
			projectDirPath = "";
			projectRoot = "";
			targets = (
				667F1F612A354BD3003F2FAC /* Proxy */,
			);
		};
/* End PBXProject section */

/* Begin PBXResourcesBuildPhase section */
		667F1F602A354BD3003F2FAC /* Resources */ = {
			isa = PBXResourcesBuildPhase;
			buildActionMask = 2147483647;
			files = (
				667F1F722A354BDB003F2FAC /* LaunchScreen.storyboard in Resources */,
				667F1F6F2A354BDB003F2FAC /* Assets.xcassets in Resources */,
				667F1F6D2A354BD3003F2FAC /* Main.storyboard in Resources */,
			);
			runOnlyForDeploymentPostprocessing = 0;
		};
/* End PBXResourcesBuildPhase section */

/* Begin PBXSourcesBuildPhase section */
		667F1F5E2A354BD3003F2FAC /* Sources */ = {
			isa = PBXSourcesBuildPhase;
			buildActionMask = 2147483647;
			files = (
				667F1F7C2A354E5F003F2FAC /* LoadServiceProtocol.swift in Sources */,
				667F1F6A2A354BD3003F2FAC /* ViewController.swift in Sources */,
				667F1F662A354BD3003F2FAC /* AppDelegate.swift in Sources */,
				667F1F812A355012003F2FAC /* Proxy.swift in Sources */,
				667F1F682A354BD3003F2FAC /* SceneDelegate.swift in Sources */,
				667F1F7A2A354DA3003F2FAC /* DetailViewController.swift in Sources */,
				667F1F7E2A354EB3003F2FAC /* LoadImageService.swift in Sources */,
			);
			runOnlyForDeploymentPostprocessing = 0;
		};
/* End PBXSourcesBuildPhase section */

/* Begin PBXVariantGroup section */
		667F1F6B2A354BD3003F2FAC /* Main.storyboard */ = {
			isa = PBXVariantGroup;
			children = (
				667F1F6C2A354BD3003F2FAC /* Base */,
			);
			name = Main.storyboard;
			sourceTree = "<group>";
		};
		667F1F702A354BDB003F2FAC /* LaunchScreen.storyboard */ = {
			isa = PBXVariantGroup;
			children = (
				667F1F712A354BDB003F2FAC /* Base */,
			);
			name = LaunchScreen.storyboard;
			sourceTree = "<group>";
		};
/* End PBXVariantGroup section */

/* Begin XCBuildConfiguration section */
		667F1F742A354BDB003F2FAC /* Debug */ = {
			isa = XCBuildConfiguration;
			buildSettings = {
				ALWAYS_SEARCH_USER_PATHS = NO;
				CLANG_ANALYZER_NONNULL = YES;
				CLANG_ANALYZER_NUMBER_OBJECT_CONVERSION = YES_AGGRESSIVE;
				CLANG_CXX_LANGUAGE_STANDARD = "gnu++20";
				CLANG_ENABLE_MODULES = YES;
				CLANG_ENABLE_OBJC_ARC = YES;
				CLANG_ENABLE_OBJC_WEAK = YES;
				CLANG_WARN_BLOCK_CAPTURE_AUTORELEASING = YES;
				CLANG_WARN_BOOL_CONVERSION = YES;
				CLANG_WARN_COMMA = YES;
				CLANG_WARN_CONSTANT_CONVERSION = YES;
				CLANG_WARN_DEPRECATED_OBJC_IMPLEMENTATIONS = YES;
				CLANG_WARN_DIRECT_OBJC_ISA_USAGE = YES_ERROR;
				CLANG_WARN_DOCUMENTATION_COMMENTS = YES;
				CLANG_WARN_EMPTY_BODY = YES;
				CLANG_WARN_ENUM_CONVERSION = YES;
				CLANG_WARN_INFINITE_RECURSION = YES;
				CLANG_WARN_INT_CONVERSION = YES;
				CLANG_WARN_NON_LITERAL_NULL_CONVERSION = YES;
				CLANG_WARN_OBJC_IMPLICIT_RETAIN_SELF = YES;
				CLANG_WARN_OBJC_LITERAL_CONVERSION = YES;
				CLANG_WARN_OBJC_ROOT_CLASS = YES_ERROR;
				CLANG_WARN_QUOTED_INCLUDE_IN_FRAMEWORK_HEADER = YES;
				CLANG_WARN_RANGE_LOOP_ANALYSIS = YES;
				CLANG_WARN_STRICT_PROTOTYPES = YES;
				CLANG_WARN_SUSPICIOUS_MOVE = YES;
				CLANG_WARN_UNGUARDED_AVAILABILITY = YES_AGGRESSIVE;
				CLANG_WARN_UNREACHABLE_CODE = YES;
				CLANG_WARN__DUPLICATE_METHOD_MATCH = YES;
				COPY_PHASE_STRIP = NO;
				DEBUG_INFORMATION_FORMAT = dwarf;
				ENABLE_STRICT_OBJC_MSGSEND = YES;
				ENABLE_TESTABILITY = YES;
				GCC_C_LANGUAGE_STANDARD = gnu11;
				GCC_DYNAMIC_NO_PIC = NO;
				GCC_NO_COMMON_BLOCKS = YES;
				GCC_OPTIMIZATION_LEVEL = 0;
				GCC_PREPROCESSOR_DEFINITIONS = (
					"DEBUG=1",
					"$(inherited)",
				);
				GCC_WARN_64_TO_32_BIT_CONVERSION = YES;
				GCC_WARN_ABOUT_RETURN_TYPE = YES_ERROR;
				GCC_WARN_UNDECLARED_SELECTOR = YES;
				GCC_WARN_UNINITIALIZED_AUTOS = YES_AGGRESSIVE;
				GCC_WARN_UNUSED_FUNCTION = YES;
				GCC_WARN_UNUSED_VARIABLE = YES;
				IPHONEOS_DEPLOYMENT_TARGET = 16.2;
				MTL_ENABLE_DEBUG_INFO = INCLUDE_SOURCE;
				MTL_FAST_MATH = YES;
				ONLY_ACTIVE_ARCH = YES;
				SDKROOT = iphoneos;
				SWIFT_ACTIVE_COMPILATION_CONDITIONS = DEBUG;
				SWIFT_OPTIMIZATION_LEVEL = "-Onone";
			};
			name = Debug;
		};
		667F1F752A354BDB003F2FAC /* Release */ = {
			isa = XCBuildConfiguration;
			buildSettings = {
				ALWAYS_SEARCH_USER_PATHS = NO;
				CLANG_ANALYZER_NONNULL = YES;
				CLANG_ANALYZER_NUMBER_OBJECT_CONVERSION = YES_AGGRESSIVE;
				CLANG_CXX_LANGUAGE_STANDARD = "gnu++20";
				CLANG_ENABLE_MODULES = YES;
				CLANG_ENABLE_OBJC_ARC = YES;
				CLANG_ENABLE_OBJC_WEAK = YES;
				CLANG_WARN_BLOCK_CAPTURE_AUTORELEASING = YES;
				CLANG_WARN_BOOL_CONVERSION = YES;
				CLANG_WARN_COMMA = YES;
				CLANG_WARN_CONSTANT_CONVERSION = YES;
				CLANG_WARN_DEPRECATED_OBJC_IMPLEMENTATIONS = YES;
				CLANG_WARN_DIRECT_OBJC_ISA_USAGE = YES_ERROR;
				CLANG_WARN_DOCUMENTATION_COMMENTS = YES;
				CLANG_WARN_EMPTY_BODY = YES;
				CLANG_WARN_ENUM_CONVERSION = YES;
				CLANG_WARN_INFINITE_RECURSION = YES;
				CLANG_WARN_INT_CONVERSION = YES;
				CLANG_WARN_NON_LITERAL_NULL_CONVERSION = YES;
				CLANG_WARN_OBJC_IMPLICIT_RETAIN_SELF = YES;
				CLANG_WARN_OBJC_LITERAL_CONVERSION = YES;
				CLANG_WARN_OBJC_ROOT_CLASS = YES_ERROR;
				CLANG_WARN_QUOTED_INCLUDE_IN_FRAMEWORK_HEADER = YES;
				CLANG_WARN_RANGE_LOOP_ANALYSIS = YES;
				CLANG_WARN_STRICT_PROTOTYPES = YES;
				CLANG_WARN_SUSPICIOUS_MOVE = YES;
				CLANG_WARN_UNGUARDED_AVAILABILITY = YES_AGGRESSIVE;
				CLANG_WARN_UNREACHABLE_CODE = YES;
				CLANG_WARN__DUPLICATE_METHOD_MATCH = YES;
				COPY_PHASE_STRIP = NO;
				DEBUG_INFORMATION_FORMAT = "dwarf-with-dsym";
				ENABLE_NS_ASSERTIONS = NO;
				ENABLE_STRICT_OBJC_MSGSEND = YES;
				GCC_C_LANGUAGE_STANDARD = gnu11;
				GCC_NO_COMMON_BLOCKS = YES;
				GCC_WARN_64_TO_32_BIT_CONVERSION = YES;
				GCC_WARN_ABOUT_RETURN_TYPE = YES_ERROR;
				GCC_WARN_UNDECLARED_SELECTOR = YES;
				GCC_WARN_UNINITIALIZED_AUTOS = YES_AGGRESSIVE;
				GCC_WARN_UNUSED_FUNCTION = YES;
				GCC_WARN_UNUSED_VARIABLE = YES;
				IPHONEOS_DEPLOYMENT_TARGET = 16.2;
				MTL_ENABLE_DEBUG_INFO = NO;
				MTL_FAST_MATH = YES;
				SDKROOT = iphoneos;
				SWIFT_COMPILATION_MODE = wholemodule;
				SWIFT_OPTIMIZATION_LEVEL = "-O";
				VALIDATE_PRODUCT = YES;
			};
			name = Release;
		};
		667F1F772A354BDB003F2FAC /* Debug */ = {
			isa = XCBuildConfiguration;
			buildSettings = {
				ASSETCATALOG_COMPILER_APPICON_NAME = AppIcon;
				ASSETCATALOG_COMPILER_GLOBAL_ACCENT_COLOR_NAME = AccentColor;
				CODE_SIGN_STYLE = Automatic;
				CURRENT_PROJECT_VERSION = 1;
				DEVELOPMENT_TEAM = C7F8937UXY;
				GENERATE_INFOPLIST_FILE = YES;
				INFOPLIST_FILE = Proxy/Info.plist;
				INFOPLIST_KEY_UIApplicationSupportsIndirectInputEvents = YES;
				INFOPLIST_KEY_UILaunchStoryboardName = LaunchScreen;
				INFOPLIST_KEY_UIMainStoryboardFile = Main;
				INFOPLIST_KEY_UISupportedInterfaceOrientations_iPad = "UIInterfaceOrientationPortrait UIInterfaceOrientationPortraitUpsideDown UIInterfaceOrientationLandscapeLeft UIInterfaceOrientationLandscapeRight";
				INFOPLIST_KEY_UISupportedInterfaceOrientations_iPhone = "UIInterfaceOrientationPortrait UIInterfaceOrientationLandscapeLeft UIInterfaceOrientationLandscapeRight";
				LD_RUNPATH_SEARCH_PATHS = (
					"$(inherited)",
					"@executable_path/Frameworks",
				);
				MARKETING_VERSION = 1.0;
				PRODUCT_BUNDLE_IDENTIFIER = DmytroNeboha.Proxy;
				PRODUCT_NAME = "$(TARGET_NAME)";
				SWIFT_EMIT_LOC_STRINGS = YES;
				SWIFT_VERSION = 5.0;
				TARGETED_DEVICE_FAMILY = "1,2";
			};
			name = Debug;
		};
		667F1F782A354BDB003F2FAC /* Release */ = {
			isa = XCBuildConfiguration;
			buildSettings = {
				ASSETCATALOG_COMPILER_APPICON_NAME = AppIcon;
				ASSETCATALOG_COMPILER_GLOBAL_ACCENT_COLOR_NAME = AccentColor;
				CODE_SIGN_STYLE = Automatic;
				CURRENT_PROJECT_VERSION = 1;
				DEVELOPMENT_TEAM = C7F8937UXY;
				GENERATE_INFOPLIST_FILE = YES;
				INFOPLIST_FILE = Proxy/Info.plist;
				INFOPLIST_KEY_UIApplicationSupportsIndirectInputEvents = YES;
				INFOPLIST_KEY_UILaunchStoryboardName = LaunchScreen;
				INFOPLIST_KEY_UIMainStoryboardFile = Main;
				INFOPLIST_KEY_UISupportedInterfaceOrientations_iPad = "UIInterfaceOrientationPortrait UIInterfaceOrientationPortraitUpsideDown UIInterfaceOrientationLandscapeLeft UIInterfaceOrientationLandscapeRight";
				INFOPLIST_KEY_UISupportedInterfaceOrientations_iPhone = "UIInterfaceOrientationPortrait UIInterfaceOrientationLandscapeLeft UIInterfaceOrientationLandscapeRight";
				LD_RUNPATH_SEARCH_PATHS = (
					"$(inherited)",
					"@executable_path/Frameworks",
				);
				MARKETING_VERSION = 1.0;
				PRODUCT_BUNDLE_IDENTIFIER = DmytroNeboha.Proxy;
				PRODUCT_NAME = "$(TARGET_NAME)";
				SWIFT_EMIT_LOC_STRINGS = YES;
				SWIFT_VERSION = 5.0;
				TARGETED_DEVICE_FAMILY = "1,2";
			};
			name = Release;
		};
/* End XCBuildConfiguration section */

/* Begin XCConfigurationList section */
		667F1F5D2A354BD3003F2FAC /* Build configuration list for PBXProject "Proxy" */ = {
			isa = XCConfigurationList;
			buildConfigurations = (
				667F1F742A354BDB003F2FAC /* Debug */,
				667F1F752A354BDB003F2FAC /* Release */,
			);
			defaultConfigurationIsVisible = 0;
			defaultConfigurationName = Release;
		};
		667F1F762A354BDB003F2FAC /* Build configuration list for PBXNativeTarget "Proxy" */ = {
			isa = XCConfigurationList;
			buildConfigurations = (
				667F1F772A354BDB003F2FAC /* Debug */,
				667F1F782A354BDB003F2FAC /* Release */,
			);
			defaultConfigurationIsVisible = 0;
			defaultConfigurationName = Release;
		};
/* End XCConfigurationList section */
	};
	rootObject = 667F1F5A2A354BD3003F2FAC /* Project object */;
}
