// !$*UTF8*$!
{
	archiveVersion = 1;
	classes = {
	};
	objectVersion = 56;
	objects = {

/* Begin PBXBuildFile section */
		6619CB142A33E80600843A19 /* AppDelegate.swift in Sources */ = {isa = PBXBuildFile; fileRef = 6619CB132A33E80600843A19 /* AppDelegate.swift */; };
		6619CB162A33E80600843A19 /* SceneDelegate.swift in Sources */ = {isa = PBXBuildFile; fileRef = 6619CB152A33E80600843A19 /* SceneDelegate.swift */; };
		6619CB182A33E80600843A19 /* ViewController.swift in Sources */ = {isa = PBXBuildFile; fileRef = 6619CB172A33E80600843A19 /* ViewController.swift */; };
		6619CB1B2A33E80600843A19 /* Main.storyboard in Resources */ = {isa = PBXBuildFile; fileRef = 6619CB192A33E80600843A19 /* Main.storyboard */; };
		6619CB1D2A33E80F00843A19 /* Assets.xcassets in Resources */ = {isa = PBXBuildFile; fileRef = 6619CB1C2A33E80F00843A19 /* Assets.xcassets */; };
		6619CB202A33E80F00843A19 /* LaunchScreen.storyboard in Resources */ = {isa = PBXBuildFile; fileRef = 6619CB1E2A33E80F00843A19 /* LaunchScreen.storyboard */; };
		6619CB292A33E87100843A19 /* CatalogPresenter.swift in Sources */ = {isa = PBXBuildFile; fileRef = 6619CB282A33E87100843A19 /* CatalogPresenter.swift */; };
		6619CB2B2A33E93600843A19 /* CatalogInteractor.swift in Sources */ = {isa = PBXBuildFile; fileRef = 6619CB2A2A33E93600843A19 /* CatalogInteractor.swift */; };
		6619CB2D2A33EA9400843A19 /* CatalogViewController.swift in Sources */ = {isa = PBXBuildFile; fileRef = 6619CB2C2A33EA9400843A19 /* CatalogViewController.swift */; };
		6619CB2F2A33EC3C00843A19 /* ModuleBuilder.swift in Sources */ = {isa = PBXBuildFile; fileRef = 6619CB2E2A33EC3C00843A19 /* ModuleBuilder.swift */; };
		6619CB312A33EC9200843A19 /* CatalogBuilder.swift in Sources */ = {isa = PBXBuildFile; fileRef = 6619CB302A33EC9200843A19 /* CatalogBuilder.swift */; };
/* End PBXBuildFile section */

/* Begin PBXFileReference section */
		6619CB102A33E80600843A19 /* Builder.app */ = {isa = PBXFileReference; explicitFileType = wrapper.application; includeInIndex = 0; path = Builder.app; sourceTree = BUILT_PRODUCTS_DIR; };
		6619CB132A33E80600843A19 /* AppDelegate.swift */ = {isa = PBXFileReference; lastKnownFileType = sourcecode.swift; path = AppDelegate.swift; sourceTree = "<group>"; };
		6619CB152A33E80600843A19 /* SceneDelegate.swift */ = {isa = PBXFileReference; lastKnownFileType = sourcecode.swift; path = SceneDelegate.swift; sourceTree = "<group>"; };
		6619CB172A33E80600843A19 /* ViewController.swift */ = {isa = PBXFileReference; lastKnownFileType = sourcecode.swift; path = ViewController.swift; sourceTree = "<group>"; };
		6619CB1A2A33E80600843A19 /* Base */ = {isa = PBXFileReference; lastKnownFileType = file.storyboard; name = Base; path = Base.lproj/Main.storyboard; sourceTree = "<group>"; };
		6619CB1C2A33E80F00843A19 /* Assets.xcassets */ = {isa = PBXFileReference; lastKnownFileType = folder.assetcatalog; path = Assets.xcassets; sourceTree = "<group>"; };
		6619CB1F2A33E80F00843A19 /* Base */ = {isa = PBXFileReference; lastKnownFileType = file.storyboard; name = Base; path = Base.lproj/LaunchScreen.storyboard; sourceTree = "<group>"; };
		6619CB212A33E80F00843A19 /* Info.plist */ = {isa = PBXFileReference; lastKnownFileType = text.plist.xml; path = Info.plist; sourceTree = "<group>"; };
		6619CB282A33E87100843A19 /* CatalogPresenter.swift */ = {isa = PBXFileReference; lastKnownFileType = sourcecode.swift; path = CatalogPresenter.swift; sourceTree = "<group>"; };
		6619CB2A2A33E93600843A19 /* CatalogInteractor.swift */ = {isa = PBXFileReference; lastKnownFileType = sourcecode.swift; path = CatalogInteractor.swift; sourceTree = "<group>"; };
		6619CB2C2A33EA9400843A19 /* CatalogViewController.swift */ = {isa = PBXFileReference; lastKnownFileType = sourcecode.swift; path = CatalogViewController.swift; sourceTree = "<group>"; };
		6619CB2E2A33EC3C00843A19 /* ModuleBuilder.swift */ = {isa = PBXFileReference; lastKnownFileType = sourcecode.swift; path = ModuleBuilder.swift; sourceTree = "<group>"; };
		6619CB302A33EC9200843A19 /* CatalogBuilder.swift */ = {isa = PBXFileReference; lastKnownFileType = sourcecode.swift; path = CatalogBuilder.swift; sourceTree = "<group>"; };
/* End PBXFileReference section */

/* Begin PBXFrameworksBuildPhase section */
		6619CB0D2A33E80600843A19 /* Frameworks */ = {
			isa = PBXFrameworksBuildPhase;
			buildActionMask = 2147483647;
			files = (
			);
			runOnlyForDeploymentPostprocessing = 0;
		};
/* End PBXFrameworksBuildPhase section */

/* Begin PBXGroup section */
		6619CB072A33E80600843A19 = {
			isa = PBXGroup;
			children = (
				6619CB122A33E80600843A19 /* Builder */,
				6619CB112A33E80600843A19 /* Products */,
			);
			sourceTree = "<group>";
		};
		6619CB112A33E80600843A19 /* Products */ = {
			isa = PBXGroup;
			children = (
				6619CB102A33E80600843A19 /* Builder.app */,
			);
			name = Products;
			sourceTree = "<group>";
		};
		6619CB122A33E80600843A19 /* Builder */ = {
			isa = PBXGroup;
			children = (
				6619CB322A33EFC600843A19 /* Sources */,
				6619CB272A33E83D00843A19 /* Catalog */,
				6619CB192A33E80600843A19 /* Main.storyboard */,
				6619CB1C2A33E80F00843A19 /* Assets.xcassets */,
				6619CB1E2A33E80F00843A19 /* LaunchScreen.storyboard */,
				6619CB212A33E80F00843A19 /* Info.plist */,
			);
			path = Builder;
			sourceTree = "<group>";
		};
		6619CB272A33E83D00843A19 /* Catalog */ = {
			isa = PBXGroup;
			children = (
				6619CB302A33EC9200843A19 /* CatalogBuilder.swift */,
				6619CB2C2A33EA9400843A19 /* CatalogViewController.swift */,
				6619CB2A2A33E93600843A19 /* CatalogInteractor.swift */,
				6619CB282A33E87100843A19 /* CatalogPresenter.swift */,
			);
			name = Catalog;
			sourceTree = "<group>";
		};
		6619CB322A33EFC600843A19 /* Sources */ = {
			isa = PBXGroup;
			children = (
				6619CB132A33E80600843A19 /* AppDelegate.swift */,
				6619CB152A33E80600843A19 /* SceneDelegate.swift */,
				6619CB172A33E80600843A19 /* ViewController.swift */,
				6619CB2E2A33EC3C00843A19 /* ModuleBuilder.swift */,
			);
			name = Sources;
			sourceTree = "<group>";
		};
/* End PBXGroup section */

/* Begin PBXNativeTarget section */
		6619CB0F2A33E80600843A19 /* Builder */ = {
			isa = PBXNativeTarget;
			buildConfigurationList = 6619CB242A33E80F00843A19 /* Build configuration list for PBXNativeTarget "Builder" */;
			buildPhases = (
				6619CB0C2A33E80600843A19 /* Sources */,
				6619CB0D2A33E80600843A19 /* Frameworks */,
				6619CB0E2A33E80600843A19 /* Resources */,
			);
			buildRules = (
			);
			dependencies = (
			);
			name = Builder;
			productName = Builder;
			productReference = 6619CB102A33E80600843A19 /* Builder.app */;
			productType = "com.apple.product-type.application";
		};
/* End PBXNativeTarget section */

/* Begin PBXProject section */
		6619CB082A33E80600843A19 /* Project object */ = {
			isa = PBXProject;
			attributes = {
				BuildIndependentTargetsInParallel = 1;
				LastSwiftUpdateCheck = 1420;
				LastUpgradeCheck = 1420;
				TargetAttributes = {
					6619CB0F2A33E80600843A19 = {
						CreatedOnToolsVersion = 14.2;
					};
				};
			};
			buildConfigurationList = 6619CB0B2A33E80600843A19 /* Build configuration list for PBXProject "Builder" */;
			compatibilityVersion = "Xcode 14.0";
			developmentRegion = en;
			hasScannedForEncodings = 0;
			knownRegions = (
				en,
				Base,
			);
			mainGroup = 6619CB072A33E80600843A19;
			productRefGroup = 6619CB112A33E80600843A19 /* Products */;
			projectDirPath = "";
			projectRoot = "";
			targets = (
				6619CB0F2A33E80600843A19 /* Builder */,
			);
		};
/* End PBXProject section */

/* Begin PBXResourcesBuildPhase section */
		6619CB0E2A33E80600843A19 /* Resources */ = {
			isa = PBXResourcesBuildPhase;
			buildActionMask = 2147483647;
			files = (
				6619CB202A33E80F00843A19 /* LaunchScreen.storyboard in Resources */,
				6619CB1D2A33E80F00843A19 /* Assets.xcassets in Resources */,
				6619CB1B2A33E80600843A19 /* Main.storyboard in Resources */,
			);
			runOnlyForDeploymentPostprocessing = 0;
		};
/* End PBXResourcesBuildPhase section */

/* Begin PBXSourcesBuildPhase section */
		6619CB0C2A33E80600843A19 /* Sources */ = {
			isa = PBXSourcesBuildPhase;
			buildActionMask = 2147483647;
			files = (
				6619CB2D2A33EA9400843A19 /* CatalogViewController.swift in Sources */,
				6619CB312A33EC9200843A19 /* CatalogBuilder.swift in Sources */,
				6619CB292A33E87100843A19 /* CatalogPresenter.swift in Sources */,
				6619CB182A33E80600843A19 /* ViewController.swift in Sources */,
				6619CB142A33E80600843A19 /* AppDelegate.swift in Sources */,
				6619CB2F2A33EC3C00843A19 /* ModuleBuilder.swift in Sources */,
				6619CB162A33E80600843A19 /* SceneDelegate.swift in Sources */,
				6619CB2B2A33E93600843A19 /* CatalogInteractor.swift in Sources */,
			);
			runOnlyForDeploymentPostprocessing = 0;
		};
/* End PBXSourcesBuildPhase section */

/* Begin PBXVariantGroup section */
		6619CB192A33E80600843A19 /* Main.storyboard */ = {
			isa = PBXVariantGroup;
			children = (
				6619CB1A2A33E80600843A19 /* Base */,
			);
			name = Main.storyboard;
			sourceTree = "<group>";
		};
		6619CB1E2A33E80F00843A19 /* LaunchScreen.storyboard */ = {
			isa = PBXVariantGroup;
			children = (
				6619CB1F2A33E80F00843A19 /* Base */,
			);
			name = LaunchScreen.storyboard;
			sourceTree = "<group>";
		};
/* End PBXVariantGroup section */

/* Begin XCBuildConfiguration section */
		6619CB222A33E80F00843A19 /* Debug */ = {
			isa = XCBuildConfiguration;
			buildSettings = {
				ALWAYS_SEARCH_USER_PATHS = NO;
				CLANG_ANALYZER_NONNULL = YES;
				CLANG_ANALYZER_NUMBER_OBJECT_CONVERSION = YES_AGGRESSIVE;
				CLANG_CXX_LANGUAGE_STANDARD = "gnu++20";
				CLANG_ENABLE_MODULES = YES;
				CLANG_ENABLE_OBJC_ARC = YES;
				CLANG_ENABLE_OBJC_WEAK = YES;
				CLANG_WARN_BLOCK_CAPTURE_AUTORELEASING = YES;
				CLANG_WARN_BOOL_CONVERSION = YES;
				CLANG_WARN_COMMA = YES;
				CLANG_WARN_CONSTANT_CONVERSION = YES;
				CLANG_WARN_DEPRECATED_OBJC_IMPLEMENTATIONS = YES;
				CLANG_WARN_DIRECT_OBJC_ISA_USAGE = YES_ERROR;
				CLANG_WARN_DOCUMENTATION_COMMENTS = YES;
				CLANG_WARN_EMPTY_BODY = YES;
				CLANG_WARN_ENUM_CONVERSION = YES;
				CLANG_WARN_INFINITE_RECURSION = YES;
				CLANG_WARN_INT_CONVERSION = YES;
				CLANG_WARN_NON_LITERAL_NULL_CONVERSION = YES;
				CLANG_WARN_OBJC_IMPLICIT_RETAIN_SELF = YES;
				CLANG_WARN_OBJC_LITERAL_CONVERSION = YES;
				CLANG_WARN_OBJC_ROOT_CLASS = YES_ERROR;
				CLANG_WARN_QUOTED_INCLUDE_IN_FRAMEWORK_HEADER = YES;
				CLANG_WARN_RANGE_LOOP_ANALYSIS = YES;
				CLANG_WARN_STRICT_PROTOTYPES = YES;
				CLANG_WARN_SUSPICIOUS_MOVE = YES;
				CLANG_WARN_UNGUARDED_AVAILABILITY = YES_AGGRESSIVE;
				CLANG_WARN_UNREACHABLE_CODE = YES;
				CLANG_WARN__DUPLICATE_METHOD_MATCH = YES;
				COPY_PHASE_STRIP = NO;
				DEBUG_INFORMATION_FORMAT = dwarf;
				ENABLE_STRICT_OBJC_MSGSEND = YES;
				ENABLE_TESTABILITY = YES;
				GCC_C_LANGUAGE_STANDARD = gnu11;
				GCC_DYNAMIC_NO_PIC = NO;
				GCC_NO_COMMON_BLOCKS = YES;
				GCC_OPTIMIZATION_LEVEL = 0;
				GCC_PREPROCESSOR_DEFINITIONS = (
					"DEBUG=1",
					"$(inherited)",
				);
				GCC_WARN_64_TO_32_BIT_CONVERSION = YES;
				GCC_WARN_ABOUT_RETURN_TYPE = YES_ERROR;
				GCC_WARN_UNDECLARED_SELECTOR = YES;
				GCC_WARN_UNINITIALIZED_AUTOS = YES_AGGRESSIVE;
				GCC_WARN_UNUSED_FUNCTION = YES;
				GCC_WARN_UNUSED_VARIABLE = YES;
				IPHONEOS_DEPLOYMENT_TARGET = 16.2;
				MTL_ENABLE_DEBUG_INFO = INCLUDE_SOURCE;
				MTL_FAST_MATH = YES;
				ONLY_ACTIVE_ARCH = YES;
				SDKROOT = iphoneos;
				SWIFT_ACTIVE_COMPILATION_CONDITIONS = DEBUG;
				SWIFT_OPTIMIZATION_LEVEL = "-Onone";
			};
			name = Debug;
		};
		6619CB232A33E80F00843A19 /* Release */ = {
			isa = XCBuildConfiguration;
			buildSettings = {
				ALWAYS_SEARCH_USER_PATHS = NO;
				CLANG_ANALYZER_NONNULL = YES;
				CLANG_ANALYZER_NUMBER_OBJECT_CONVERSION = YES_AGGRESSIVE;
				CLANG_CXX_LANGUAGE_STANDARD = "gnu++20";
				CLANG_ENABLE_MODULES = YES;
				CLANG_ENABLE_OBJC_ARC = YES;
				CLANG_ENABLE_OBJC_WEAK = YES;
				CLANG_WARN_BLOCK_CAPTURE_AUTORELEASING = YES;
				CLANG_WARN_BOOL_CONVERSION = YES;
				CLANG_WARN_COMMA = YES;
				CLANG_WARN_CONSTANT_CONVERSION = YES;
				CLANG_WARN_DEPRECATED_OBJC_IMPLEMENTATIONS = YES;
				CLANG_WARN_DIRECT_OBJC_ISA_USAGE = YES_ERROR;
				CLANG_WARN_DOCUMENTATION_COMMENTS = YES;
				CLANG_WARN_EMPTY_BODY = YES;
				CLANG_WARN_ENUM_CONVERSION = YES;
				CLANG_WARN_INFINITE_RECURSION = YES;
				CLANG_WARN_INT_CONVERSION = YES;
				CLANG_WARN_NON_LITERAL_NULL_CONVERSION = YES;
				CLANG_WARN_OBJC_IMPLICIT_RETAIN_SELF = YES;
				CLANG_WARN_OBJC_LITERAL_CONVERSION = YES;
				CLANG_WARN_OBJC_ROOT_CLASS = YES_ERROR;
				CLANG_WARN_QUOTED_INCLUDE_IN_FRAMEWORK_HEADER = YES;
				CLANG_WARN_RANGE_LOOP_ANALYSIS = YES;
				CLANG_WARN_STRICT_PROTOTYPES = YES;
				CLANG_WARN_SUSPICIOUS_MOVE = YES;
				CLANG_WARN_UNGUARDED_AVAILABILITY = YES_AGGRESSIVE;
				CLANG_WARN_UNREACHABLE_CODE = YES;
				CLANG_WARN__DUPLICATE_METHOD_MATCH = YES;
				COPY_PHASE_STRIP = NO;
				DEBUG_INFORMATION_FORMAT = "dwarf-with-dsym";
				ENABLE_NS_ASSERTIONS = NO;
				ENABLE_STRICT_OBJC_MSGSEND = YES;
				GCC_C_LANGUAGE_STANDARD = gnu11;
				GCC_NO_COMMON_BLOCKS = YES;
				GCC_WARN_64_TO_32_BIT_CONVERSION = YES;
				GCC_WARN_ABOUT_RETURN_TYPE = YES_ERROR;
				GCC_WARN_UNDECLARED_SELECTOR = YES;
				GCC_WARN_UNINITIALIZED_AUTOS = YES_AGGRESSIVE;
				GCC_WARN_UNUSED_FUNCTION = YES;
				GCC_WARN_UNUSED_VARIABLE = YES;
				IPHONEOS_DEPLOYMENT_TARGET = 16.2;
				MTL_ENABLE_DEBUG_INFO = NO;
				MTL_FAST_MATH = YES;
				SDKROOT = iphoneos;
				SWIFT_COMPILATION_MODE = wholemodule;
				SWIFT_OPTIMIZATION_LEVEL = "-O";
				VALIDATE_PRODUCT = YES;
			};
			name = Release;
		};
		6619CB252A33E80F00843A19 /* Debug */ = {
			isa = XCBuildConfiguration;
			buildSettings = {
				ASSETCATALOG_COMPILER_APPICON_NAME = AppIcon;
				ASSETCATALOG_COMPILER_GLOBAL_ACCENT_COLOR_NAME = AccentColor;
				CODE_SIGN_STYLE = Automatic;
				CURRENT_PROJECT_VERSION = 1;
				DEVELOPMENT_TEAM = C7F8937UXY;
				GENERATE_INFOPLIST_FILE = YES;
				INFOPLIST_FILE = Builder/Info.plist;
				INFOPLIST_KEY_UIApplicationSupportsIndirectInputEvents = YES;
				INFOPLIST_KEY_UILaunchStoryboardName = LaunchScreen;
				INFOPLIST_KEY_UIMainStoryboardFile = Main;
				INFOPLIST_KEY_UISupportedInterfaceOrientations_iPad = "UIInterfaceOrientationPortrait UIInterfaceOrientationPortraitUpsideDown UIInterfaceOrientationLandscapeLeft UIInterfaceOrientationLandscapeRight";
				INFOPLIST_KEY_UISupportedInterfaceOrientations_iPhone = "UIInterfaceOrientationPortrait UIInterfaceOrientationLandscapeLeft UIInterfaceOrientationLandscapeRight";
				LD_RUNPATH_SEARCH_PATHS = (
					"$(inherited)",
					"@executable_path/Frameworks",
				);
				MARKETING_VERSION = 1.0;
				PRODUCT_BUNDLE_IDENTIFIER = DmytroNeboha.Builder;
				PRODUCT_NAME = "$(TARGET_NAME)";
				SWIFT_EMIT_LOC_STRINGS = YES;
				SWIFT_VERSION = 5.0;
				TARGETED_DEVICE_FAMILY = "1,2";
			};
			name = Debug;
		};
		6619CB262A33E80F00843A19 /* Release */ = {
			isa = XCBuildConfiguration;
			buildSettings = {
				ASSETCATALOG_COMPILER_APPICON_NAME = AppIcon;
				ASSETCATALOG_COMPILER_GLOBAL_ACCENT_COLOR_NAME = AccentColor;
				CODE_SIGN_STYLE = Automatic;
				CURRENT_PROJECT_VERSION = 1;
				DEVELOPMENT_TEAM = C7F8937UXY;
				GENERATE_INFOPLIST_FILE = YES;
				INFOPLIST_FILE = Builder/Info.plist;
				INFOPLIST_KEY_UIApplicationSupportsIndirectInputEvents = YES;
				INFOPLIST_KEY_UILaunchStoryboardName = LaunchScreen;
				INFOPLIST_KEY_UIMainStoryboardFile = Main;
				INFOPLIST_KEY_UISupportedInterfaceOrientations_iPad = "UIInterfaceOrientationPortrait UIInterfaceOrientationPortraitUpsideDown UIInterfaceOrientationLandscapeLeft UIInterfaceOrientationLandscapeRight";
				INFOPLIST_KEY_UISupportedInterfaceOrientations_iPhone = "UIInterfaceOrientationPortrait UIInterfaceOrientationLandscapeLeft UIInterfaceOrientationLandscapeRight";
				LD_RUNPATH_SEARCH_PATHS = (
					"$(inherited)",
					"@executable_path/Frameworks",
				);
				MARKETING_VERSION = 1.0;
				PRODUCT_BUNDLE_IDENTIFIER = DmytroNeboha.Builder;
				PRODUCT_NAME = "$(TARGET_NAME)";
				SWIFT_EMIT_LOC_STRINGS = YES;
				SWIFT_VERSION = 5.0;
				TARGETED_DEVICE_FAMILY = "1,2";
			};
			name = Release;
		};
/* End XCBuildConfiguration section */

/* Begin XCConfigurationList section */
		6619CB0B2A33E80600843A19 /* Build configuration list for PBXProject "Builder" */ = {
			isa = XCConfigurationList;
			buildConfigurations = (
				6619CB222A33E80F00843A19 /* Debug */,
				6619CB232A33E80F00843A19 /* Release */,
			);
			defaultConfigurationIsVisible = 0;
			defaultConfigurationName = Release;
		};
		6619CB242A33E80F00843A19 /* Build configuration list for PBXNativeTarget "Builder" */ = {
			isa = XCConfigurationList;
			buildConfigurations = (
				6619CB252A33E80F00843A19 /* Debug */,
				6619CB262A33E80F00843A19 /* Release */,
			);
			defaultConfigurationIsVisible = 0;
			defaultConfigurationName = Release;
		};
/* End XCConfigurationList section */
	};
	rootObject = 6619CB082A33E80600843A19 /* Project object */;
}
